
Microsoft Visual Studio Solution File, Format Version 12.00
# Visual Studio 15
VisualStudioVersion = 15.0.27428.2027
MinimumVisualStudioVersion = 10.0.40219.1
Project("{FAE04EC0-301F-11D3-BF4B-00C04F79EFBC}") = "FMBExplorer", "FMBExplorer\FMBExplorer.csproj", "{57ACE274-7086-4AF3-AB10-6CD95A6EFBCD}"
EndProject
Global
	GlobalSection(SolutionConfigurationPlatforms) = preSolution
		Debug|Any CPU = Debug|Any CPU
		Release|Any CPU = Release|Any CPU
	EndGlobalSection
	GlobalSection(ProjectConfigurationPlatforms) = postSolution
		{57ACE274-7086-4AF3-AB10-6CD95A6EFBCD}.Debug|Any CPU.ActiveCfg = Debug|Any CPU
		{57ACE274-7086-4AF3-AB10-6CD95A6EFBCD}.Debug|Any CPU.Build.0 = Debug|Any CPU
		{57ACE274-7086-4AF3-AB10-6CD95A6EFBCD}.Release|Any CPU.ActiveCfg = Release|Any CPU
		{57ACE274-7086-4AF3-AB10-6CD95A6EFBCD}.Release|Any CPU.Build.0 = Release|Any CPU
	EndGlobalSection
	GlobalSection(SolutionProperties) = preSolution
		HideSolutionNode = FALSE
	EndGlobalSection
	GlobalSection(ExtensibilityGlobals) = postSolution
		SolutionGuid = {43B00B7B-9431-4507-8E0C-8859AF8DABF7}
	EndGlobalSection
EndGlobal
